
Microsoft Visual Studio Solution File, Format Version 12.00
# Visual Studio 15
Project("{FAE04EC0-301F-11D3-BF4B-00C04F79EFBC}") = "Assembly-CSharp", "Assembly-CSharp.csproj", "{645FC28E-1ACB-991A-1943-0729871D1A10}"
EndProject
Project("{FAE04EC0-301F-11D3-BF4B-00C04F79EFBC}") = "Assembly-CSharp-Editor", "Assembly-CSharp-Editor.csproj", "{53030944-4CDB-4405-E4B3-CC3432CBA2C7}"
EndProject
Global
	GlobalSection(SolutionConfigurationPlatforms) = preSolution
		Debug|Any CPU = Debug|Any CPU
		Release|Any CPU = Release|Any CPU
	EndGlobalSection
	GlobalSection(ProjectConfigurationPlatforms) = postSolution
		{645FC28E-1ACB-991A-1943-0729871D1A10}.Debug|Any CPU.ActiveCfg = Debug|Any CPU
		{645FC28E-1ACB-991A-1943-0729871D1A10}.Debug|Any CPU.Build.0 = Debug|Any CPU
		{645FC28E-1ACB-991A-1943-0729871D1A10}.Release|Any CPU.ActiveCfg = Release|Any CPU
		{645FC28E-1ACB-991A-1943-0729871D1A10}.Release|Any CPU.Build.0 = Release|Any CPU
		{53030944-4CDB-4405-E4B3-CC3432CBA2C7}.Debug|Any CPU.ActiveCfg = Debug|Any CPU
		{53030944-4CDB-4405-E4B3-CC3432CBA2C7}.Debug|Any CPU.Build.0 = Debug|Any CPU
		{53030944-4CDB-4405-E4B3-CC3432CBA2C7}.Release|Any CPU.ActiveCfg = Release|Any CPU
		{53030944-4CDB-4405-E4B3-CC3432CBA2C7}.Release|Any CPU.Build.0 = Release|Any CPU
	EndGlobalSection
	GlobalSection(SolutionProperties) = preSolution
		HideSolutionNode = FALSE
	EndGlobalSection
EndGlobal
